
Microsoft Visual Studio Solution File, Format Version 12.00
# Visual Studio 2013
VisualStudioVersion = 12.0.30110.0
MinimumVisualStudioVersion = 10.0.40219.1
Project("{FAE04EC0-301F-11D3-BF4B-00C04F79EFBC}") = "NeuralNetwork", "NeuralNetwork\NeuralNetwork.csproj", "{7F40FE95-A8F8-422B-B860-A428BFD31C67}"
EndProject
Project("{FAE04EC0-301F-11D3-BF4B-00C04F79EFBC}") = "NetworkTests", "NetworkTests\NetworkTests.csproj", "{2942B2E9-A85D-4E07-89A5-CFC613D03B56}"
EndProject
Global
	GlobalSection(SolutionConfigurationPlatforms) = preSolution
		Debug|Any CPU = Debug|Any CPU
		Release|Any CPU = Release|Any CPU
	EndGlobalSection
	GlobalSection(ProjectConfigurationPlatforms) = postSolution
		{7F40FE95-A8F8-422B-B860-A428BFD31C67}.Debug|Any CPU.ActiveCfg = Debug|Any CPU
		{7F40FE95-A8F8-422B-B860-A428BFD31C67}.Debug|Any CPU.Build.0 = Debug|Any CPU
		{7F40FE95-A8F8-422B-B860-A428BFD31C67}.Release|Any CPU.ActiveCfg = Release|Any CPU
		{7F40FE95-A8F8-422B-B860-A428BFD31C67}.Release|Any CPU.Build.0 = Release|Any CPU
		{2942B2E9-A85D-4E07-89A5-CFC613D03B56}.Debug|Any CPU.ActiveCfg = Debug|Any CPU
		{2942B2E9-A85D-4E07-89A5-CFC613D03B56}.Debug|Any CPU.Build.0 = Debug|Any CPU
		{2942B2E9-A85D-4E07-89A5-CFC613D03B56}.Release|Any CPU.ActiveCfg = Release|Any CPU
		{2942B2E9-A85D-4E07-89A5-CFC613D03B56}.Release|Any CPU.Build.0 = Release|Any CPU
	EndGlobalSection
	GlobalSection(SolutionProperties) = preSolution
		HideSolutionNode = FALSE
	EndGlobalSection
EndGlobal
